PODS:
  - AFNetworking (3.2.1):
    - AFNetworking/NSURLSession (= 3.2.1)
    - AFNetworking/Reachability (= 3.2.1)
    - AFNetworking/Security (= 3.2.1)
    - AFNetworking/Serialization (= 3.2.1)
    - AFNetworking/UIKit (= 3.2.1)
  - AFNetworking/NSURLSession (3.2.1):
    - AFNetworking/Reachability
    - AFNetworking/Security
    - AFNetworking/Serialization
  - AFNetworking/Reachability (3.2.1)
  - AFNetworking/Security (3.2.1)
  - AFNetworking/Serialization (3.2.1)
  - AFNetworking/UIKit (3.2.1):
    - AFNetworking/NSURLSession
  - MBurger (0.0.18):
    - AFNetworking (~> 3.0)

DEPENDENCIES:
  - MBurger (from `https://gitlab.mumbleserver.it/iOS/MBurger`, branch `develop`)

SPEC REPOS:
  https://github.com/cocoapods/specs.git:
    - AFNetworking

EXTERNAL SOURCES:
  MBurger:
    :branch: develop
    :git: https://gitlab.mumbleserver.it/iOS/MBurger

CHECKOUT OPTIONS:
  MBurger:
    :commit: 60cd30226bdbcf0a98b45a3f379c431354e954bf
    :git: https://gitlab.mumbleserver.it/iOS/MBurger

SPEC CHECKSUMS:
  AFNetworking: b6f891fdfaed196b46c7a83cf209e09697b94057
  MBurger: dfaf03d0889e1ae4c0be97dae7b5b3109354b7bb

PODFILE CHECKSUM: 9a6840c583bdea581ae4f37d530d605ef9a6ee5e

COCOAPODS: 1.5.3
