// !$*UTF8*$!
{
	archiveVersion = 1;
	classes = {
	};
	objectVersion = 50;
	objects = {

/* Begin PBXBuildFile section */
		444869D743B34C18EC618F74 /* Pods_MBPayments.framework in Frameworks */ = {isa = PBXBuildFile; fileRef = D91C6BF73E3184751AFBB2B8 /* Pods_MBPayments.framework */; };
		6610D20F2108701100CAB47A /* MBPSubscriptionFilterParameter.m in Sources */ = {isa = PBXBuildFile; fileRef = 6610D20E2108701100CAB47A /* MBPSubscriptionFilterParameter.m */; };
		6684450D20FDEEF700118F62 /* AppDelegate.m in Sources */ = {isa = PBXBuildFile; fileRef = 6684450C20FDEEF700118F62 /* AppDelegate.m */; };
		6684451020FDEEF700118F62 /* ViewController.m in Sources */ = {isa = PBXBuildFile; fileRef = 6684450F20FDEEF700118F62 /* ViewController.m */; };
		6684451320FDEEF700118F62 /* Main.storyboard in Resources */ = {isa = PBXBuildFile; fileRef = 6684451120FDEEF700118F62 /* Main.storyboard */; };
		6684451520FDEEFA00118F62 /* Assets.xcassets in Resources */ = {isa = PBXBuildFile; fileRef = 6684451420FDEEFA00118F62 /* Assets.xcassets */; };
		6684451820FDEEFA00118F62 /* LaunchScreen.storyboard in Resources */ = {isa = PBXBuildFile; fileRef = 6684451620FDEEFA00118F62 /* LaunchScreen.storyboard */; };
		6684451B20FDEEFA00118F62 /* main.m in Sources */ = {isa = PBXBuildFile; fileRef = 6684451A20FDEEFA00118F62 /* main.m */; };
		6684452820FDF6B400118F62 /* MBPPayments.m in Sources */ = {isa = PBXBuildFile; fileRef = 6684452720FDF6B400118F62 /* MBPPayments.m */; };
		6684452B20FDF78C00118F62 /* MBPUserPaymentSettings.m in Sources */ = {isa = PBXBuildFile; fileRef = 6684452A20FDF78C00118F62 /* MBPUserPaymentSettings.m */; };
		6684452E20FE1CD000118F62 /* MBPSubscription.m in Sources */ = {isa = PBXBuildFile; fileRef = 6684452D20FE1CD000118F62 /* MBPSubscription.m */; };
		6684453120FE1CD800118F62 /* MBPPurchase.m in Sources */ = {isa = PBXBuildFile; fileRef = 6684453020FE1CD800118F62 /* MBPPurchase.m */; };
		66CA3D0220FE337C0023C246 /* MBPCard.m in Sources */ = {isa = PBXBuildFile; fileRef = 66CA3D0120FE337C0023C246 /* MBPCard.m */; };
/* End PBXBuildFile section */

/* Begin PBXFileReference section */
		6610D20D2108701100CAB47A /* MBPSubscriptionFilterParameter.h */ = {isa = PBXFileReference; lastKnownFileType = sourcecode.c.h; path = MBPSubscriptionFilterParameter.h; sourceTree = "<group>"; };
		6610D20E2108701100CAB47A /* MBPSubscriptionFilterParameter.m */ = {isa = PBXFileReference; lastKnownFileType = sourcecode.c.objc; path = MBPSubscriptionFilterParameter.m; sourceTree = "<group>"; };
		6684450820FDEEF700118F62 /* MBPayments.app */ = {isa = PBXFileReference; explicitFileType = wrapper.application; includeInIndex = 0; path = MBPayments.app; sourceTree = BUILT_PRODUCTS_DIR; };
		6684450B20FDEEF700118F62 /* AppDelegate.h */ = {isa = PBXFileReference; lastKnownFileType = sourcecode.c.h; path = AppDelegate.h; sourceTree = "<group>"; };
		6684450C20FDEEF700118F62 /* AppDelegate.m */ = {isa = PBXFileReference; lastKnownFileType = sourcecode.c.objc; path = AppDelegate.m; sourceTree = "<group>"; };
		6684450E20FDEEF700118F62 /* ViewController.h */ = {isa = PBXFileReference; lastKnownFileType = sourcecode.c.h; path = ViewController.h; sourceTree = "<group>"; };
		6684450F20FDEEF700118F62 /* ViewController.m */ = {isa = PBXFileReference; lastKnownFileType = sourcecode.c.objc; path = ViewController.m; sourceTree = "<group>"; };
		6684451220FDEEF700118F62 /* Base */ = {isa = PBXFileReference; lastKnownFileType = file.storyboard; name = Base; path = Base.lproj/Main.storyboard; sourceTree = "<group>"; };
		6684451420FDEEFA00118F62 /* Assets.xcassets */ = {isa = PBXFileReference; lastKnownFileType = folder.assetcatalog; path = Assets.xcassets; sourceTree = "<group>"; };
		6684451720FDEEFA00118F62 /* Base */ = {isa = PBXFileReference; lastKnownFileType = file.storyboard; name = Base; path = Base.lproj/LaunchScreen.storyboard; sourceTree = "<group>"; };
		6684451920FDEEFA00118F62 /* Info.plist */ = {isa = PBXFileReference; lastKnownFileType = text.plist.xml; path = Info.plist; sourceTree = "<group>"; };
		6684451A20FDEEFA00118F62 /* main.m */ = {isa = PBXFileReference; lastKnownFileType = sourcecode.c.objc; path = main.m; sourceTree = "<group>"; };
		6684452620FDF6B400118F62 /* MBPPayments.h */ = {isa = PBXFileReference; lastKnownFileType = sourcecode.c.h; path = MBPPayments.h; sourceTree = "<group>"; };
		6684452720FDF6B400118F62 /* MBPPayments.m */ = {isa = PBXFileReference; lastKnownFileType = sourcecode.c.objc; path = MBPPayments.m; sourceTree = "<group>"; };
		6684452920FDF78C00118F62 /* MBPUserPaymentSettings.h */ = {isa = PBXFileReference; lastKnownFileType = sourcecode.c.h; path = MBPUserPaymentSettings.h; sourceTree = "<group>"; };
		6684452A20FDF78C00118F62 /* MBPUserPaymentSettings.m */ = {isa = PBXFileReference; lastKnownFileType = sourcecode.c.objc; path = MBPUserPaymentSettings.m; sourceTree = "<group>"; };
		6684452C20FE1CD000118F62 /* MBPSubscription.h */ = {isa = PBXFileReference; lastKnownFileType = sourcecode.c.h; path = MBPSubscription.h; sourceTree = "<group>"; };
		6684452D20FE1CD000118F62 /* MBPSubscription.m */ = {isa = PBXFileReference; lastKnownFileType = sourcecode.c.objc; path = MBPSubscription.m; sourceTree = "<group>"; };
		6684452F20FE1CD800118F62 /* MBPPurchase.h */ = {isa = PBXFileReference; lastKnownFileType = sourcecode.c.h; path = MBPPurchase.h; sourceTree = "<group>"; };
		6684453020FE1CD800118F62 /* MBPPurchase.m */ = {isa = PBXFileReference; lastKnownFileType = sourcecode.c.objc; path = MBPPurchase.m; sourceTree = "<group>"; };
		66CA3D0020FE337C0023C246 /* MBPCard.h */ = {isa = PBXFileReference; lastKnownFileType = sourcecode.c.h; path = MBPCard.h; sourceTree = "<group>"; };
		66CA3D0120FE337C0023C246 /* MBPCard.m */ = {isa = PBXFileReference; lastKnownFileType = sourcecode.c.objc; path = MBPCard.m; sourceTree = "<group>"; };
		66EBCD9621062BD6009ADB30 /* MBPayments.h */ = {isa = PBXFileReference; lastKnownFileType = sourcecode.c.h; path = MBPayments.h; sourceTree = "<group>"; };
		68BB685B42D017293AD3013E /* Pods_NookoPayments.framework */ = {isa = PBXFileReference; explicitFileType = wrapper.framework; includeInIndex = 0; path = Pods_NookoPayments.framework; sourceTree = BUILT_PRODUCTS_DIR; };
		7B6C0EEE0E3F686043D7FB26 /* Pods-MBPayments.release.xcconfig */ = {isa = PBXFileReference; includeInIndex = 1; lastKnownFileType = text.xcconfig; name = "Pods-MBPayments.release.xcconfig"; path = "Pods/Target Support Files/Pods-MBPayments/Pods-MBPayments.release.xcconfig"; sourceTree = "<group>"; };
		9F2F6B16A825128CF9A198B1 /* Pods-MBPayments.debug.xcconfig */ = {isa = PBXFileReference; includeInIndex = 1; lastKnownFileType = text.xcconfig; name = "Pods-MBPayments.debug.xcconfig"; path = "Pods/Target Support Files/Pods-MBPayments/Pods-MBPayments.debug.xcconfig"; sourceTree = "<group>"; };
		D91C6BF73E3184751AFBB2B8 /* Pods_MBPayments.framework */ = {isa = PBXFileReference; explicitFileType = wrapper.framework; includeInIndex = 0; path = Pods_MBPayments.framework; sourceTree = BUILT_PRODUCTS_DIR; };
/* End PBXFileReference section */

/* Begin PBXFrameworksBuildPhase section */
		6684450520FDEEF700118F62 /* Frameworks */ = {
			isa = PBXFrameworksBuildPhase;
			buildActionMask = 2147483647;
			files = (
				444869D743B34C18EC618F74 /* Pods_MBPayments.framework in Frameworks */,
			);
			runOnlyForDeploymentPostprocessing = 0;
		};
/* End PBXFrameworksBuildPhase section */

/* Begin PBXGroup section */
		0B4ADA81899E068655883584 /* Pods */ = {
			isa = PBXGroup;
			children = (
				9F2F6B16A825128CF9A198B1 /* Pods-MBPayments.debug.xcconfig */,
				7B6C0EEE0E3F686043D7FB26 /* Pods-MBPayments.release.xcconfig */,
			);
			name = Pods;
			sourceTree = "<group>";
		};
		52D6CB2654FC0A82561EE8AA /* Frameworks */ = {
			isa = PBXGroup;
			children = (
				68BB685B42D017293AD3013E /* Pods_NookoPayments.framework */,
				D91C6BF73E3184751AFBB2B8 /* Pods_MBPayments.framework */,
			);
			name = Frameworks;
			sourceTree = "<group>";
		};
		668444FF20FDEEF700118F62 = {
			isa = PBXGroup;
			children = (
				6684450A20FDEEF700118F62 /* Example */,
				6684452220FDF04900118F62 /* MBPayments */,
				6684450920FDEEF700118F62 /* Products */,
				0B4ADA81899E068655883584 /* Pods */,
				52D6CB2654FC0A82561EE8AA /* Frameworks */,
			);
			sourceTree = "<group>";
		};
		6684450920FDEEF700118F62 /* Products */ = {
			isa = PBXGroup;
			children = (
				6684450820FDEEF700118F62 /* MBPayments.app */,
			);
			name = Products;
			sourceTree = "<group>";
		};
		6684450A20FDEEF700118F62 /* Example */ = {
			isa = PBXGroup;
			children = (
				6684450B20FDEEF700118F62 /* AppDelegate.h */,
				6684450C20FDEEF700118F62 /* AppDelegate.m */,
				6684450E20FDEEF700118F62 /* ViewController.h */,
				6684450F20FDEEF700118F62 /* ViewController.m */,
				6684451120FDEEF700118F62 /* Main.storyboard */,
				6684451420FDEEFA00118F62 /* Assets.xcassets */,
				6684451620FDEEFA00118F62 /* LaunchScreen.storyboard */,
				6684451920FDEEFA00118F62 /* Info.plist */,
				6684451A20FDEEFA00118F62 /* main.m */,
			);
			path = Example;
			sourceTree = "<group>";
		};
		6684452220FDF04900118F62 /* MBPayments */ = {
			isa = PBXGroup;
			children = (
				66EBCD9621062BD6009ADB30 /* MBPayments.h */,
				6684452620FDF6B400118F62 /* MBPPayments.h */,
				6684452720FDF6B400118F62 /* MBPPayments.m */,
				6684452920FDF78C00118F62 /* MBPUserPaymentSettings.h */,
				6684452A20FDF78C00118F62 /* MBPUserPaymentSettings.m */,
				6684452C20FE1CD000118F62 /* MBPSubscription.h */,
				6684452D20FE1CD000118F62 /* MBPSubscription.m */,
				6684452F20FE1CD800118F62 /* MBPPurchase.h */,
				6684453020FE1CD800118F62 /* MBPPurchase.m */,
				66CA3D0020FE337C0023C246 /* MBPCard.h */,
				66CA3D0120FE337C0023C246 /* MBPCard.m */,
				66C3C07E21087B4D00075024 /* MBPSubscriptionFilterParameter */,
			);
			path = MBPayments;
			sourceTree = "<group>";
		};
		66C3C07E21087B4D00075024 /* MBPSubscriptionFilterParameter */ = {
			isa = PBXGroup;
			children = (
				6610D20D2108701100CAB47A /* MBPSubscriptionFilterParameter.h */,
				6610D20E2108701100CAB47A /* MBPSubscriptionFilterParameter.m */,
			);
			path = MBPSubscriptionFilterParameter;
			sourceTree = "<group>";
		};
/* End PBXGroup section */

/* Begin PBXNativeTarget section */
		6684450720FDEEF700118F62 /* MBPayments */ = {
			isa = PBXNativeTarget;
			buildConfigurationList = 6684451E20FDEEFA00118F62 /* Build configuration list for PBXNativeTarget "MBPayments" */;
			buildPhases = (
				A0002B286AD0BB535173E737 /* [CP] Check Pods Manifest.lock */,
				6684450420FDEEF700118F62 /* Sources */,
				6684450520FDEEF700118F62 /* Frameworks */,
				6684450620FDEEF700118F62 /* Resources */,
				D29A3277440EDF2A70A8D6D5 /* [CP] Embed Pods Frameworks */,
			);
			buildRules = (
			);
			dependencies = (
			);
			name = MBPayments;
			productName = NookoPayments;
			productReference = 6684450820FDEEF700118F62 /* MBPayments.app */;
			productType = "com.apple.product-type.application";
		};
/* End PBXNativeTarget section */

/* Begin PBXProject section */
		6684450020FDEEF700118F62 /* Project object */ = {
			isa = PBXProject;
			attributes = {
				LastUpgradeCheck = 0940;
				ORGANIZATIONNAME = Mumble;
				TargetAttributes = {
					6684450720FDEEF700118F62 = {
						CreatedOnToolsVersion = 9.4.1;
					};
				};
			};
			buildConfigurationList = 6684450320FDEEF700118F62 /* Build configuration list for PBXProject "MBPayments" */;
			compatibilityVersion = "Xcode 9.3";
			developmentRegion = en;
			hasScannedForEncodings = 0;
			knownRegions = (
				en,
				Base,
			);
			mainGroup = 668444FF20FDEEF700118F62;
			productRefGroup = 6684450920FDEEF700118F62 /* Products */;
			projectDirPath = "";
			projectRoot = "";
			targets = (
				6684450720FDEEF700118F62 /* MBPayments */,
			);
		};
/* End PBXProject section */

/* Begin PBXResourcesBuildPhase section */
		6684450620FDEEF700118F62 /* Resources */ = {
			isa = PBXResourcesBuildPhase;
			buildActionMask = 2147483647;
			files = (
				6684451820FDEEFA00118F62 /* LaunchScreen.storyboard in Resources */,
				6684451520FDEEFA00118F62 /* Assets.xcassets in Resources */,
				6684451320FDEEF700118F62 /* Main.storyboard in Resources */,
			);
			runOnlyForDeploymentPostprocessing = 0;
		};
/* End PBXResourcesBuildPhase section */

/* Begin PBXShellScriptBuildPhase section */
		A0002B286AD0BB535173E737 /* [CP] Check Pods Manifest.lock */ = {
			isa = PBXShellScriptBuildPhase;
			buildActionMask = 2147483647;
			files = (
			);
			inputPaths = (
				"${PODS_PODFILE_DIR_PATH}/Podfile.lock",
				"${PODS_ROOT}/Manifest.lock",
			);
			name = "[CP] Check Pods Manifest.lock";
			outputPaths = (
				"$(DERIVED_FILE_DIR)/Pods-MBPayments-checkManifestLockResult.txt",
			);
			runOnlyForDeploymentPostprocessing = 0;
			shellPath = /bin/sh;
			shellScript = "diff \"${PODS_PODFILE_DIR_PATH}/Podfile.lock\" \"${PODS_ROOT}/Manifest.lock\" > /dev/null\nif [ $? != 0 ] ; then\n    # print error to STDERR\n    echo \"error: The sandbox is not in sync with the Podfile.lock. Run 'pod install' or update your CocoaPods installation.\" >&2\n    exit 1\nfi\n# This output is used by Xcode 'outputs' to avoid re-running this script phase.\necho \"SUCCESS\" > \"${SCRIPT_OUTPUT_FILE_0}\"\n";
			showEnvVarsInLog = 0;
		};
		D29A3277440EDF2A70A8D6D5 /* [CP] Embed Pods Frameworks */ = {
			isa = PBXShellScriptBuildPhase;
			buildActionMask = 2147483647;
			files = (
			);
			inputPaths = (
				"${SRCROOT}/Pods/Target Support Files/Pods-MBPayments/Pods-MBPayments-frameworks.sh",
				"${BUILT_PRODUCTS_DIR}/AFNetworking/AFNetworking.framework",
				"${BUILT_PRODUCTS_DIR}/MBurger/MBurger.framework",
			);
			name = "[CP] Embed Pods Frameworks";
			outputPaths = (
				"${TARGET_BUILD_DIR}/${FRAMEWORKS_FOLDER_PATH}/AFNetworking.framework",
				"${TARGET_BUILD_DIR}/${FRAMEWORKS_FOLDER_PATH}/MBurger.framework",
			);
			runOnlyForDeploymentPostprocessing = 0;
			shellPath = /bin/sh;
			shellScript = "\"${SRCROOT}/Pods/Target Support Files/Pods-MBPayments/Pods-MBPayments-frameworks.sh\"\n";
			showEnvVarsInLog = 0;
		};
/* End PBXShellScriptBuildPhase section */

/* Begin PBXSourcesBuildPhase section */
		6684450420FDEEF700118F62 /* Sources */ = {
			isa = PBXSourcesBuildPhase;
			buildActionMask = 2147483647;
			files = (
				6684452B20FDF78C00118F62 /* MBPUserPaymentSettings.m in Sources */,
				6684451020FDEEF700118F62 /* ViewController.m in Sources */,
				6684452820FDF6B400118F62 /* MBPPayments.m in Sources */,
				6684451B20FDEEFA00118F62 /* main.m in Sources */,
				6684453120FE1CD800118F62 /* MBPPurchase.m in Sources */,
				6684450D20FDEEF700118F62 /* AppDelegate.m in Sources */,
				66CA3D0220FE337C0023C246 /* MBPCard.m in Sources */,
				6684452E20FE1CD000118F62 /* MBPSubscription.m in Sources */,
				6610D20F2108701100CAB47A /* MBPSubscriptionFilterParameter.m in Sources */,
			);
			runOnlyForDeploymentPostprocessing = 0;
		};
/* End PBXSourcesBuildPhase section */

/* Begin PBXVariantGroup section */
		6684451120FDEEF700118F62 /* Main.storyboard */ = {
			isa = PBXVariantGroup;
			children = (
				6684451220FDEEF700118F62 /* Base */,
			);
			name = Main.storyboard;
			sourceTree = "<group>";
		};
		6684451620FDEEFA00118F62 /* LaunchScreen.storyboard */ = {
			isa = PBXVariantGroup;
			children = (
				6684451720FDEEFA00118F62 /* Base */,
			);
			name = LaunchScreen.storyboard;
			sourceTree = "<group>";
		};
/* End PBXVariantGroup section */

/* Begin XCBuildConfiguration section */
		6684451C20FDEEFA00118F62 /* Debug */ = {
			isa = XCBuildConfiguration;
			buildSettings = {
				ALWAYS_SEARCH_USER_PATHS = NO;
				CLANG_ANALYZER_NONNULL = YES;
				CLANG_ANALYZER_NUMBER_OBJECT_CONVERSION = YES_AGGRESSIVE;
				CLANG_CXX_LANGUAGE_STANDARD = "gnu++14";
				CLANG_CXX_LIBRARY = "libc++";
				CLANG_ENABLE_MODULES = YES;
				CLANG_ENABLE_OBJC_ARC = YES;
				CLANG_ENABLE_OBJC_WEAK = YES;
				CLANG_WARN_BLOCK_CAPTURE_AUTORELEASING = YES;
				CLANG_WARN_BOOL_CONVERSION = YES;
				CLANG_WARN_COMMA = YES;
				CLANG_WARN_CONSTANT_CONVERSION = YES;
				CLANG_WARN_DEPRECATED_OBJC_IMPLEMENTATIONS = YES;
				CLANG_WARN_DIRECT_OBJC_ISA_USAGE = YES_ERROR;
				CLANG_WARN_DOCUMENTATION_COMMENTS = YES;
				CLANG_WARN_EMPTY_BODY = YES;
				CLANG_WARN_ENUM_CONVERSION = YES;
				CLANG_WARN_INFINITE_RECURSION = YES;
				CLANG_WARN_INT_CONVERSION = YES;
				CLANG_WARN_NON_LITERAL_NULL_CONVERSION = YES;
				CLANG_WARN_OBJC_IMPLICIT_RETAIN_SELF = YES;
				CLANG_WARN_OBJC_LITERAL_CONVERSION = YES;
				CLANG_WARN_OBJC_ROOT_CLASS = YES_ERROR;
				CLANG_WARN_RANGE_LOOP_ANALYSIS = YES;
				CLANG_WARN_STRICT_PROTOTYPES = YES;
				CLANG_WARN_SUSPICIOUS_MOVE = YES;
				CLANG_WARN_UNGUARDED_AVAILABILITY = YES_AGGRESSIVE;
				CLANG_WARN_UNREACHABLE_CODE = YES;
				CLANG_WARN__DUPLICATE_METHOD_MATCH = YES;
				CODE_SIGN_IDENTITY = "iPhone Developer";
				COPY_PHASE_STRIP = NO;
				DEBUG_INFORMATION_FORMAT = dwarf;
				ENABLE_STRICT_OBJC_MSGSEND = YES;
				ENABLE_TESTABILITY = YES;
				GCC_C_LANGUAGE_STANDARD = gnu11;
				GCC_DYNAMIC_NO_PIC = NO;
				GCC_NO_COMMON_BLOCKS = YES;
				GCC_OPTIMIZATION_LEVEL = 0;
				GCC_PREPROCESSOR_DEFINITIONS = (
					"DEBUG=1",
					"$(inherited)",
				);
				GCC_WARN_64_TO_32_BIT_CONVERSION = YES;
				GCC_WARN_ABOUT_RETURN_TYPE = YES_ERROR;
				GCC_WARN_UNDECLARED_SELECTOR = YES;
				GCC_WARN_UNINITIALIZED_AUTOS = YES_AGGRESSIVE;
				GCC_WARN_UNUSED_FUNCTION = YES;
				GCC_WARN_UNUSED_VARIABLE = YES;
				IPHONEOS_DEPLOYMENT_TARGET = 11.4;
				MTL_ENABLE_DEBUG_INFO = YES;
				ONLY_ACTIVE_ARCH = YES;
				SDKROOT = iphoneos;
			};
			name = Debug;
		};
		6684451D20FDEEFA00118F62 /* Release */ = {
			isa = XCBuildConfiguration;
			buildSettings = {
				ALWAYS_SEARCH_USER_PATHS = NO;
				CLANG_ANALYZER_NONNULL = YES;
				CLANG_ANALYZER_NUMBER_OBJECT_CONVERSION = YES_AGGRESSIVE;
				CLANG_CXX_LANGUAGE_STANDARD = "gnu++14";
				CLANG_CXX_LIBRARY = "libc++";
				CLANG_ENABLE_MODULES = YES;
				CLANG_ENABLE_OBJC_ARC = YES;
				CLANG_ENABLE_OBJC_WEAK = YES;
				CLANG_WARN_BLOCK_CAPTURE_AUTORELEASING = YES;
				CLANG_WARN_BOOL_CONVERSION = YES;
				CLANG_WARN_COMMA = YES;
				CLANG_WARN_CONSTANT_CONVERSION = YES;
				CLANG_WARN_DEPRECATED_OBJC_IMPLEMENTATIONS = YES;
				CLANG_WARN_DIRECT_OBJC_ISA_USAGE = YES_ERROR;
				CLANG_WARN_DOCUMENTATION_COMMENTS = YES;
				CLANG_WARN_EMPTY_BODY = YES;
				CLANG_WARN_ENUM_CONVERSION = YES;
				CLANG_WARN_INFINITE_RECURSION = YES;
				CLANG_WARN_INT_CONVERSION = YES;
				CLANG_WARN_NON_LITERAL_NULL_CONVERSION = YES;
				CLANG_WARN_OBJC_IMPLICIT_RETAIN_SELF = YES;
				CLANG_WARN_OBJC_LITERAL_CONVERSION = YES;
				CLANG_WARN_OBJC_ROOT_CLASS = YES_ERROR;
				CLANG_WARN_RANGE_LOOP_ANALYSIS = YES;
				CLANG_WARN_STRICT_PROTOTYPES = YES;
				CLANG_WARN_SUSPICIOUS_MOVE = YES;
				CLANG_WARN_UNGUARDED_AVAILABILITY = YES_AGGRESSIVE;
				CLANG_WARN_UNREACHABLE_CODE = YES;
				CLANG_WARN__DUPLICATE_METHOD_MATCH = YES;
				CODE_SIGN_IDENTITY = "iPhone Developer";
				COPY_PHASE_STRIP = NO;
				DEBUG_INFORMATION_FORMAT = "dwarf-with-dsym";
				ENABLE_NS_ASSERTIONS = NO;
				ENABLE_STRICT_OBJC_MSGSEND = YES;
				GCC_C_LANGUAGE_STANDARD = gnu11;
				GCC_NO_COMMON_BLOCKS = YES;
				GCC_WARN_64_TO_32_BIT_CONVERSION = YES;
				GCC_WARN_ABOUT_RETURN_TYPE = YES_ERROR;
				GCC_WARN_UNDECLARED_SELECTOR = YES;
				GCC_WARN_UNINITIALIZED_AUTOS = YES_AGGRESSIVE;
				GCC_WARN_UNUSED_FUNCTION = YES;
				GCC_WARN_UNUSED_VARIABLE = YES;
				IPHONEOS_DEPLOYMENT_TARGET = 11.4;
				MTL_ENABLE_DEBUG_INFO = NO;
				SDKROOT = iphoneos;
				VALIDATE_PRODUCT = YES;
			};
			name = Release;
		};
		6684451F20FDEEFA00118F62 /* Debug */ = {
			isa = XCBuildConfiguration;
			baseConfigurationReference = 9F2F6B16A825128CF9A198B1 /* Pods-MBPayments.debug.xcconfig */;
			buildSettings = {
				ASSETCATALOG_COMPILER_APPICON_NAME = AppIcon;
				CODE_SIGN_STYLE = Automatic;
				DEVELOPMENT_TEAM = AXR257ENWG;
				INFOPLIST_FILE = Example/Info.plist;
				IPHONEOS_DEPLOYMENT_TARGET = 11.0;
				LD_RUNPATH_SEARCH_PATHS = (
					"$(inherited)",
					"@executable_path/Frameworks",
				);
				PRODUCT_BUNDLE_IDENTIFIER = com.mumble.mburger.payments;
				PRODUCT_NAME = "$(TARGET_NAME)";
				TARGETED_DEVICE_FAMILY = 1;
			};
			name = Debug;
		};
		6684452020FDEEFA00118F62 /* Release */ = {
			isa = XCBuildConfiguration;
			baseConfigurationReference = 7B6C0EEE0E3F686043D7FB26 /* Pods-MBPayments.release.xcconfig */;
			buildSettings = {
				ASSETCATALOG_COMPILER_APPICON_NAME = AppIcon;
				CODE_SIGN_STYLE = Automatic;
				DEVELOPMENT_TEAM = AXR257ENWG;
				INFOPLIST_FILE = Example/Info.plist;
				IPHONEOS_DEPLOYMENT_TARGET = 11.0;
				LD_RUNPATH_SEARCH_PATHS = (
					"$(inherited)",
					"@executable_path/Frameworks",
				);
				PRODUCT_BUNDLE_IDENTIFIER = com.mumble.mburger.payments;
				PRODUCT_NAME = "$(TARGET_NAME)";
				TARGETED_DEVICE_FAMILY = 1;
			};
			name = Release;
		};
/* End XCBuildConfiguration section */

/* Begin XCConfigurationList section */
		6684450320FDEEF700118F62 /* Build configuration list for PBXProject "MBPayments" */ = {
			isa = XCConfigurationList;
			buildConfigurations = (
				6684451C20FDEEFA00118F62 /* Debug */,
				6684451D20FDEEFA00118F62 /* Release */,
			);
			defaultConfigurationIsVisible = 0;
			defaultConfigurationName = Release;
		};
		6684451E20FDEEFA00118F62 /* Build configuration list for PBXNativeTarget "MBPayments" */ = {
			isa = XCConfigurationList;
			buildConfigurations = (
				6684451F20FDEEFA00118F62 /* Debug */,
				6684452020FDEEFA00118F62 /* Release */,
			);
			defaultConfigurationIsVisible = 0;
			defaultConfigurationName = Release;
		};
/* End XCConfigurationList section */
	};
	rootObject = 6684450020FDEEF700118F62 /* Project object */;
}
